
Microsoft Visual Studio Solution File, Format Version 12.00
# Visual Studio 15
VisualStudioVersion = 15.0.27130.2036
MinimumVisualStudioVersion = 10.0.40219.1
Project("{FAE04EC0-301F-11D3-BF4B-00C04F79EFBC}") = "Gomando", "Gomando\Gomando.csproj", "{E9AB8F9C-09F1-41DE-B23B-F33D5BAFA4D1}"
EndProject
Project("{FAE04EC0-301F-11D3-BF4B-00C04F79EFBC}") = "Gomando.Logic", "Gomando.Logic\Gomando.Logic.csproj", "{D6A75C88-8D3B-417F-87FC-7601D41721BE}"
EndProject
Project("{FAE04EC0-301F-11D3-BF4B-00C04F79EFBC}") = "Gomando.Repository", "Gomando.Repository\Gomando.Repository.csproj", "{B42CD81A-F64C-4806-90AA-D18623D1AECD}"
EndProject
Project("{FAE04EC0-301F-11D3-BF4B-00C04F79EFBC}") = "Gomando.Model", "Gomando.Model\Gomando.Model.csproj", "{FF2CE64D-6391-4129-8FAB-0E67E6939CF5}"
EndProject
Global
	GlobalSection(SolutionConfigurationPlatforms) = preSolution
		Debug|Any CPU = Debug|Any CPU
		Release|Any CPU = Release|Any CPU
	EndGlobalSection
	GlobalSection(ProjectConfigurationPlatforms) = postSolution
		{E9AB8F9C-09F1-41DE-B23B-F33D5BAFA4D1}.Debug|Any CPU.ActiveCfg = Debug|Any CPU
		{E9AB8F9C-09F1-41DE-B23B-F33D5BAFA4D1}.Debug|Any CPU.Build.0 = Debug|Any CPU
		{E9AB8F9C-09F1-41DE-B23B-F33D5BAFA4D1}.Debug|Any CPU.Deploy.0 = Debug|Any CPU
		{E9AB8F9C-09F1-41DE-B23B-F33D5BAFA4D1}.Release|Any CPU.ActiveCfg = Release|Any CPU
		{E9AB8F9C-09F1-41DE-B23B-F33D5BAFA4D1}.Release|Any CPU.Build.0 = Release|Any CPU
		{E9AB8F9C-09F1-41DE-B23B-F33D5BAFA4D1}.Release|Any CPU.Deploy.0 = Release|Any CPU
		{D6A75C88-8D3B-417F-87FC-7601D41721BE}.Debug|Any CPU.ActiveCfg = Debug|Any CPU
		{D6A75C88-8D3B-417F-87FC-7601D41721BE}.Debug|Any CPU.Build.0 = Debug|Any CPU
		{D6A75C88-8D3B-417F-87FC-7601D41721BE}.Release|Any CPU.ActiveCfg = Release|Any CPU
		{D6A75C88-8D3B-417F-87FC-7601D41721BE}.Release|Any CPU.Build.0 = Release|Any CPU
		{B42CD81A-F64C-4806-90AA-D18623D1AECD}.Debug|Any CPU.ActiveCfg = Debug|Any CPU
		{B42CD81A-F64C-4806-90AA-D18623D1AECD}.Debug|Any CPU.Build.0 = Debug|Any CPU
		{B42CD81A-F64C-4806-90AA-D18623D1AECD}.Release|Any CPU.ActiveCfg = Release|Any CPU
		{B42CD81A-F64C-4806-90AA-D18623D1AECD}.Release|Any CPU.Build.0 = Release|Any CPU
		{FF2CE64D-6391-4129-8FAB-0E67E6939CF5}.Debug|Any CPU.ActiveCfg = Debug|Any CPU
		{FF2CE64D-6391-4129-8FAB-0E67E6939CF5}.Debug|Any CPU.Build.0 = Debug|Any CPU
		{FF2CE64D-6391-4129-8FAB-0E67E6939CF5}.Release|Any CPU.ActiveCfg = Release|Any CPU
		{FF2CE64D-6391-4129-8FAB-0E67E6939CF5}.Release|Any CPU.Build.0 = Release|Any CPU
	EndGlobalSection
	GlobalSection(SolutionProperties) = preSolution
		HideSolutionNode = FALSE
	EndGlobalSection
	GlobalSection(ExtensibilityGlobals) = postSolution
		SolutionGuid = {C2BFCF44-9557-476F-9019-FA67679FCE96}
	EndGlobalSection
EndGlobal
